{
  "name": "nicholasng-gallery",
  "version": "1.0.0",
  "lockfileVersion": 3,
  "requires": true,
  "packages": {
    "": {
      "name": "nicholasng-gallery",
      "version": "1.0.0",
      "devDependencies": {
        "@aws-sdk/client-s3": "^3.1131.0",
        "exifr": "^7.1.3",
        "p-limit": "^7.3.2",
        "prettier": "^3.2.5",
        "prettier-plugin-css-order": "^2.1.2",
        "prettier-plugin-go-template": "^0.0.15",
        "prettier-plugin-organize-attributes": "^1.0.0",
        "sharp": "^0.35.4"
      }
    },
    "node_modules/@aws-sdk/checksums": {
      "version": "3.1001.0",
      "resolved": "https://registry.npmjs.org/@aws-sdk/checksums/-/checksums-3.1001.0.tgz",
      "integrity": "sha512-6uTniZc87q+B5eXouGTl+7Tmc482rEeCcvxpsvREP8EfF0gvloRZ41UOA9sbSJlyy8TbqIBXb3kKfKarEArUQA==",
      "dev": true,
      "license": "Apache-2.0",
      "dependencies": {
        "@aws-sdk/core": "^3.978.0",
        "@aws-sdk/types": "^3.974.5",
        "@smithy/core": "^3.33.3",
        "@smithy/types": "^4.17.2",
        "tslib": "^2.6.2"
      },
      "engines": {
        "node": ">=20.0.0"
      }
    },
    "node_modules/@aws-sdk/client-s3": {
      "version": "3.1131.0",
      "resolved": "https://registry.npmjs.org/@aws-sdk/client-s3/-/client-s3-3.1131.0.tgz",
      "integrity": "sha512-jMw3q5sYNvWJRngkNwdS3H2WPBcdqhdrOez+7fBUB26fpH/2+TaJcDdlzdjgLTMhFTq2eOyXBSy1T/4A6CL/Lw==",
      "dev": true,
      "license": "Apache-2.0",
      "dependencies": {
        "@aws-sdk/checksums": "^3.1001.0",
        "@aws-sdk/core": "^3.978.0",
        "@aws-sdk/credential-provider-node": "^3.972.83",
        "@aws-sdk/middleware-sdk-s3": "^3.972.76",
        "@aws-sdk/signature-v4-multi-region": "^3.996.46",
        "@aws-sdk/types": "^3.974.5",
        "@smithy/core": "^3.33.3",
        "@smithy/fetch-http-handler": "^5.7.2",
        "@smithy/node-http-handler": "^4.11.3",
        "@smithy/types": "^4.17.2",
        "tslib": "^2.6.2"
      },
      "engines": {
        "node": ">=20.0.0"
      }
    },
    "node_modules/@aws-sdk/core": {
      "version": "3.978.0",
      "resolved": "https://registry.npmjs.org/@aws-sdk/core/-/core-3.978.0.tgz",
      "integrity": "sha512-2yX9LUmxPklVjSGTb8dfnWRJSiFQ3TeH2nn7G1mdKHTfnabzF0+gfrS8rYfLWmZrQ8A3mEcxMJjRc51dL5KWaA==",
      "dev": true,
      "license": "Apache-2.0",
      "dependencies": {
        "@aws-sdk/types": "^3.974.5",
        "@aws-sdk/xml-builder": "^3.972.40",
        "@aws/lambda-invoke-store": "^0.3.0",
        "@smithy/core": "^3.33.3",
        "@smithy/signature-v4": "^5.6.12",
        "@smithy/types": "^4.17.2",
        "bowser": "^2.11.0",
        "tslib": "^2.6.2"
      },
      "engines": {
        "node": ">=20.0.0"
      }
    },
    "node_modules/@aws-sdk/credential-provider-env": {
      "version": "3.972.71",
      "resolved": "https://registry.npmjs.org/@aws-sdk/credential-provider-env/-/credential-provider-env-3.972.71.tgz",
      "integrity": "sha512-JN+JHruYZw3GUZB8YGAlDk4wTDPOEAEEdEzj5nS0xodWR4smzHsN7PnK2j6IeOsDIj2aqua5DSbhXl9Gtf90FQ==",
      "dev": true,
      "license": "Apache-2.0",
      "dependencies": {
        "@aws-sdk/core": "^3.978.0",
        "@aws-sdk/types": "^3.974.5",
        "@smithy/core": "^3.33.3",
        "@smithy/types": "^4.17.2",
        "tslib": "^2.6.2"
      },
      "engines": {
        "node": ">=20.0.0"
      }
    },
    "node_modules/@aws-sdk/credential-provider-http": {
      "version": "3.972.73",
      "resolved": "https://registry.npmjs.org/@aws-sdk/credential-provider-http/-/credential-provider-http-3.972.73.tgz",
      "integrity": "sha512-uyYYnJOnlis8uQzaYGPd7N1JoioCoNpXgnkXYixsWJXHXgXyYi8WXJSDfofxJeWfQIGWLe2Nwyq60Uc7MZdVOg==",
      "dev": true,
      "license": "Apache-2.0",
      "dependencies": {
        "@aws-sdk/core": "^3.978.0",
        "@aws-sdk/types": "^3.974.5",
        "@smithy/core": "^3.33.3",
        "@smithy/fetch-http-handler": "^5.7.2",
        "@smithy/node-http-handler": "^4.11.3",
        "@smithy/types": "^4.17.2",
        "tslib": "^2.6.2"
      },
      "engines": {
        "node": ">=20.0.0"
      }
    },
    "node_modules/@aws-sdk/credential-provider-ini": {
      "version": "3.973.16",
      "resolved": "https://registry.npmjs.org/@aws-sdk/credential-provider-ini/-/credential-provider-ini-3.973.16.tgz",
      "integrity": "sha512-i++ly+0Uxa+u3ebSSyr0S/3CFhFJDxCXT3+Zj+mW2bXenEx5bKGCdTIKFu39SgXBNhWDjex/8cXUx9MUTMCrTw==",
      "dev": true,
      "license": "Apache-2.0",
      "dependencies": {
        "@aws-sdk/core": "^3.978.0",
        "@aws-sdk/credential-provider-env": "^3.972.71",
        "@aws-sdk/credential-provider-http": "^3.972.73",
        "@aws-sdk/credential-provider-login": "^3.972.78",
        "@aws-sdk/credential-provider-process": "^3.972.71",
        "@aws-sdk/credential-provider-sso": "^3.973.15",
        "@aws-sdk/credential-provider-web-identity": "^3.972.77",
        "@aws-sdk/nested-clients": "^3.997.45",
        "@aws-sdk/types": "^3.974.5",
        "@smithy/core": "^3.33.3",
        "@smithy/credential-provider-imds": "^4.4.16",
        "@smithy/types": "^4.17.2",
        "tslib": "^2.6.2"
      },
      "engines": {
        "node": ">=20.0.0"
      }
    },
    "node_modules/@aws-sdk/credential-provider-login": {
      "version": "3.972.78",
      "resolved": "https://registry.npmjs.org/@aws-sdk/credential-provider-login/-/credential-provider-login-3.972.78.tgz",
      "integrity": "sha512-eUtswnXu0+Ii9ieRK+0L7aPFV3Z/dnW2VntJzjBP9xs8s+8p5nBNuymIXtXwZ+5r5+XJP3e32nMkuZ/r0HozEA==",
      "dev": true,
      "license": "Apache-2.0",
      "dependencies": {
        "@aws-sdk/core": "^3.978.0",
        "@aws-sdk/nested-clients": "^3.997.45",
        "@aws-sdk/types": "^3.974.5",
        "@smithy/core": "^3.33.3",
        "@smithy/types": "^4.17.2",
        "tslib": "^2.6.2"
      },
      "engines": {
        "node": ">=20.0.0"
      }
    },
    "node_modules/@aws-sdk/credential-provider-node": {
      "version": "3.972.83",
      "resolved": "https://registry.npmjs.org/@aws-sdk/credential-provider-node/-/credential-provider-node-3.972.83.tgz",
      "integrity": "sha512-jdso7ejzfRnatxMUZK4S/U6KbaDPCvfIV4XL+IQAPFDBt5rj5Fq595euqlK8Le4lNCMFR9oUpt+1l0aMgaayOQ==",
      "dev": true,
      "license": "Apache-2.0",
      "dependencies": {
        "@aws-sdk/credential-provider-env": "^3.972.71",
        "@aws-sdk/credential-provider-http": "^3.972.73",
        "@aws-sdk/credential-provider-ini": "^3.973.16",
        "@aws-sdk/credential-provider-process": "^3.972.71",
        "@aws-sdk/credential-provider-sso": "^3.973.15",
        "@aws-sdk/credential-provider-web-identity": "^3.972.77",
        "@aws-sdk/types": "^3.974.5",
        "@smithy/core": "^3.33.3",
        "@smithy/credential-provider-imds": "^4.4.16",
        "@smithy/types": "^4.17.2",
        "tslib": "^2.6.2"
      },
      "engines": {
        "node": ">=20.0.0"
      }
    },
    "node_modules/@aws-sdk/credential-provider-process": {
      "version": "3.972.71",
      "resolved": "https://registry.npmjs.org/@aws-sdk/credential-provider-process/-/credential-provider-process-3.972.71.tgz",
      "integrity": "sha512-lYmXJa4gvq4xN1lrT5NiP5vIYYKcGWAdj8y+8o6dlcateB5eF3Dn8DtmjjHKfMBrTPAMr2pebIiX/UOj8c1/UA==",
      "dev": true,
      "license": "Apache-2.0",
      "dependencies": {
        "@aws-sdk/core": "^3.978.0",
        "@aws-sdk/types": "^3.974.5",
        "@smithy/core": "^3.33.3",
        "@smithy/types": "^4.17.2",
        "tslib": "^2.6.2"
      },
      "engines": {
        "node": ">=20.0.0"
      }
    },
    "node_modules/@aws-sdk/credential-provider-sso": {
      "version": "3.973.15",
      "resolved": "https://registry.npmjs.org/@aws-sdk/credential-provider-sso/-/credential-provider-sso-3.973.15.tgz",
      "integrity": "sha512-6Jhcf4v0pSFdjk1EW2kvzuEBKD+UZ2uNcHUIglKKLndD20YhvkL2kdmDOV5/j4mYuWWwe/a1FQ1aomU86/Cg5Q==",
      "dev": true,
      "license": "Apache-2.0",
      "dependencies": {
        "@aws-sdk/core": "^3.978.0",
        "@aws-sdk/nested-clients": "^3.997.45",
        "@aws-sdk/token-providers": "3.1129.0",
        "@aws-sdk/types": "^3.974.5",
        "@smithy/core": "^3.33.3",
        "@smithy/types": "^4.17.2",
        "tslib": "^2.6.2"
      },
      "engines": {
        "node": ">=20.0.0"
      }
    },
    "node_modules/@aws-sdk/credential-provider-web-identity": {
      "version": "3.972.77",
      "resolved": "https://registry.npmjs.org/@aws-sdk/credential-provider-web-identity/-/credential-provider-web-identity-3.972.77.tgz",
      "integrity": "sha512-uylIQSUWpfLuH2LovxEEfwzJGM/SabLOfLMg6YXu/E8jJEKUdpdILCVCQCdFvHyu/7dLJOHPMfrSwduxO56NkQ==",
      "dev": true,
      "license": "Apache-2.0",
      "dependencies": {
        "@aws-sdk/core": "^3.978.0",
        "@aws-sdk/nested-clients": "^3.997.45",
        "@aws-sdk/types": "^3.974.5",
        "@smithy/core": "^3.33.3",
        "@smithy/types": "^4.17.2",
        "tslib": "^2.6.2"
      },
      "engines": {
        "node": ">=20.0.0"
      }
    },
    "node_modules/@aws-sdk/middleware-sdk-s3": {
      "version": "3.972.76",
      "resolved": "https://registry.npmjs.org/@aws-sdk/middleware-sdk-s3/-/middleware-sdk-s3-3.972.76.tgz",
      "integrity": "sha512-NfnTkVUTBKTBuBgqaapFK9r3YdkKt1b2oRvgLzZq91bwNKh6ZS0S7sEcheguttREaL4iyfs/xQnqD7Z7AsWSsA==",
      "dev": true,
      "license": "Apache-2.0",
      "dependencies": {
        "@aws-sdk/core": "^3.978.0",
        "@aws-sdk/signature-v4-multi-region": "^3.996.46",
        "@aws-sdk/types": "^3.974.5",
        "@smithy/core": "^3.33.3",
        "@smithy/types": "^4.17.2",
        "tslib": "^2.6.2"
      },
      "engines": {
        "node": ">=20.0.0"
      }
    },
    "node_modules/@aws-sdk/nested-clients": {
      "version": "3.997.45",
      "resolved": "https://registry.npmjs.org/@aws-sdk/nested-clients/-/nested-clients-3.997.45.tgz",
      "integrity": "sha512-mooq9Q+jLa18VoM7HouczmslZU60iiB0aKc/Ztnq/luIL1ud0z4DnYprLR/ZO1gp331S9tJctM1HZr7u6YKBXQ==",
      "dev": true,
      "license": "Apache-2.0",
      "dependencies": {
        "@aws-sdk/core": "^3.978.0",
        "@aws-sdk/signature-v4-multi-region": "^3.996.46",
        "@aws-sdk/types": "^3.974.5",
        "@smithy/core": "^3.33.3",
        "@smithy/fetch-http-handler": "^5.7.2",
        "@smithy/node-http-handler": "^4.11.3",
        "@smithy/types": "^4.17.2",
        "tslib": "^2.6.2"
      },
      "engines": {
        "node": ">=20.0.0"
      }
    },
    "node_modules/@aws-sdk/signature-v4-multi-region": {
      "version": "3.996.46",
      "resolved": "https://registry.npmjs.org/@aws-sdk/signature-v4-multi-region/-/signature-v4-multi-region-3.996.46.tgz",
      "integrity": "sha512-L+2xZTye/2T96f3lwCws0Zw6GG2JHZW9e8FpVgGBeeExSKyeoZ6CWRpBml/7DNiK/O26jrgPM9F+Ay8VkgzUWQ==",
      "dev": true,
      "license": "Apache-2.0",
      "dependencies": {
        "@aws-sdk/types": "^3.974.5",
        "@smithy/signature-v4": "^5.6.12",
        "@smithy/types": "^4.17.2",
        "tslib": "^2.6.2"
      },
      "engines": {
        "node": ">=20.0.0"
      }
    },
    "node_modules/@aws-sdk/token-providers": {
      "version": "3.1129.0",
      "resolved": "https://registry.npmjs.org/@aws-sdk/token-providers/-/token-providers-3.1129.0.tgz",
      "integrity": "sha512-Sbl3rpzQdsG4ZK2zh0JWUYyZPKKorJlVOddA2T0DVbKJFrsW8J6wgnslxxUH04+WaBMr4A1HzJZvZX0xUvkniA==",
      "dev": true,
      "license": "Apache-2.0",
      "dependencies": {
        "@aws-sdk/core": "^3.978.0",
        "@aws-sdk/nested-clients": "^3.997.45",
        "@aws-sdk/types": "^3.974.5",
        "@smithy/core": "^3.33.3",
        "@smithy/types": "^4.17.2",
        "tslib": "^2.6.2"
      },
      "engines": {
        "node": ">=20.0.0"
      }
    },
    "node_modules/@aws-sdk/types": {
      "version": "3.974.5",
      "resolved": "https://registry.npmjs.org/@aws-sdk/types/-/types-3.974.5.tgz",
      "integrity": "sha512-LkwLL2BLbC6wNNm4JaH9mbEqBMdOZCct6VAYqhdN4U1xrWM+fUJQEfbHwQgDypapOWTRtlk25akb5afM0P8CIQ==",
      "dev": true,
      "license": "Apache-2.0",
      "dependencies": {
        "@smithy/types": "^4.17.2",
        "tslib": "^2.6.2"
      },
      "engines": {
        "node": ">=20.0.0"
      }
    },
    "node_modules/@aws-sdk/xml-builder": {
      "version": "3.972.40",
      "resolved": "https://registry.npmjs.org/@aws-sdk/xml-builder/-/xml-builder-3.972.40.tgz",
      "integrity": "sha512-wlFmCIGUlwF4zx/kncw+bmxTQh1HeSJq4mYV/V5cZUSJadDP3kXvGW8Rn21cimj/7y9ju+47oYWXi97vF7czaA==",
      "dev": true,
      "license": "Apache-2.0",
      "dependencies": {
        "@smithy/types": "^4.17.2",
        "tslib": "^2.6.2"
      },
      "engines": {
        "node": ">=20.0.0"
      }
    },
    "node_modules/@aws/lambda-invoke-store": {
      "version": "0.3.0",
      "resolved": "https://registry.npmjs.org/@aws/lambda-invoke-store/-/lambda-invoke-store-0.3.0.tgz",
      "integrity": "sha512-sl4Bm6yiMNYrZKkqqDFWN0UfnWhlS8ivKxrYl+6t0gCLrqr8y3B2IqZZbFRkfaVVp7C/baApyh71P+LeE1A2sQ==",
      "dev": true,
      "license": "Apache-2.0",
      "engines": {
        "node": ">=18.0.0"
      }
    },
    "node_modules/@emnapi/runtime": {
      "version": "1.11.3",
      "resolved": "https://registry.npmjs.org/@emnapi/runtime/-/runtime-1.11.3.tgz",
      "integrity": "sha512-Xz4Tpyki7XyrpbUK1jR1AhdAdaXyhhY4lZ3neLodmhpuWfy2PAQN5B46sAiU4liOXGLkHypn/qU+jvfWSCYYLA==",
      "dev": true,
      "license": "MIT",
      "optional": true,
      "dependencies": {
        "tslib": "^2.4.0"
      }
    },
    "node_modules/@img/colour": {
      "version": "1.1.0",
      "resolved": "https://registry.npmjs.org/@img/colour/-/colour-1.1.0.tgz",
      "integrity": "sha512-Td76q7j57o/tLVdgS746cYARfSyxk8iEfRxewL9h4OMzYhbW4TAcppl0mT4eyqXddh6L/jwoM75mo7ixa/pCeQ==",
      "dev": true,
      "license": "MIT",
      "engines": {
        "node": ">=18"
      }
    },
    "node_modules/@img/sharp-darwin-arm64": {
      "version": "0.35.4",
      "resolved": "https://registry.npmjs.org/@img/sharp-darwin-arm64/-/sharp-darwin-arm64-0.35.4.tgz",
      "integrity": "sha512-Uhfl4V4lhP2nbUVF9+hyH1+luj86f1gUFeo8ALYxFoULoU+G87D43BfeMP8XHsk9boxAnCY/bf2EHwhA7MuGsA==",
      "cpu": [
        "arm64"
      ],
      "dev": true,
      "license": "Apache-2.0",
      "optional": true,
      "os": [
        "darwin"
      ],
      "engines": {
        "node": ">=20.9.0"
      },
      "funding": {
        "url": "https://opencollective.com/libvips"
      },
      "optionalDependencies": {
        "@img/sharp-libvips-darwin-arm64": "1.3.3"
      }
    },
    "node_modules/@img/sharp-darwin-x64": {
      "version": "0.35.4",
      "resolved": "https://registry.npmjs.org/@img/sharp-darwin-x64/-/sharp-darwin-x64-0.35.4.tgz",
      "integrity": "sha512-hWniXY3bG5qKpkKrAwPe4y+VTPmf086YQAnkxWh7uA1YrlRouWGa0M0Mxj3ZjnXFkv7/TD1bTy9lGUK26vRvWw==",
      "cpu": [
        "x64"
      ],
      "dev": true,
      "license": "Apache-2.0",
      "optional": true,
      "os": [
        "darwin"
      ],
      "engines": {
        "node": ">=20.9.0"
      },
      "funding": {
        "url": "https://opencollective.com/libvips"
      },
      "optionalDependencies": {
        "@img/sharp-libvips-darwin-x64": "1.3.3"
      }
    },
    "node_modules/@img/sharp-freebsd-wasm32": {
      "version": "0.35.4",
      "resolved": "https://registry.npmjs.org/@img/sharp-freebsd-wasm32/-/sharp-freebsd-wasm32-0.35.4.tgz",
      "integrity": "sha512-lIsKw/BU+kjB4eZjxrYrZmwOJYi3Ajrv66iAlBmUPyKc3HpnloevB1g3wxGD9P/5BbQ1brBGl65VRRrCvQDEqA==",
      "dev": true,
      "license": "Apache-2.0",
      "optional": true,
      "os": [
        "freebsd"
      ],
      "dependencies": {
        "@img/sharp-wasm32": "0.35.4"
      },
      "engines": {
        "node": ">=20.9.0"
      },
      "funding": {
        "url": "https://opencollective.com/libvips"
      }
    },
    "node_modules/@img/sharp-libvips-darwin-arm64": {
      "version": "1.3.3",
      "resolved": "https://registry.npmjs.org/@img/sharp-libvips-darwin-arm64/-/sharp-libvips-darwin-arm64-1.3.3.tgz",
      "integrity": "sha512-suTBPTDGrI9WodccaDdwZItTSaBYASlBk1NSfElSHrUfzu3szG6lvIF58+WiFvnfzuK8ZBFS5zE00PxqxnRiPg==",
      "cpu": [
        "arm64"
      ],
      "dev": true,
      "license": "LGPL-3.0-or-later",
      "optional": true,
      "os": [
        "darwin"
      ],
      "funding": {
        "url": "https://opencollective.com/libvips"
      }
    },
    "node_modules/@img/sharp-libvips-darwin-x64": {
      "version": "1.3.3",
      "resolved": "https://registry.npmjs.org/@img/sharp-libvips-darwin-x64/-/sharp-libvips-darwin-x64-1.3.3.tgz",
      "integrity": "sha512-FVJZ5mITMobmXIz/hPDTw0EintTW5H3WfrxwLqEqjiIihlu+hVRyGrFQ60xl0Lxn7Bt3zdpevPaQi0HEzqz9fw==",
      "cpu": [
        "x64"
      ],
      "dev": true,
      "license": "LGPL-3.0-or-later",
      "optional": true,
      "os": [
        "darwin"
      ],
      "funding": {
        "url": "https://opencollective.com/libvips"
      }
    },
    "node_modules/@img/sharp-libvips-linux-arm": {
      "version": "1.3.3",
      "resolved": "https://registry.npmjs.org/@img/sharp-libvips-linux-arm/-/sharp-libvips-linux-arm-1.3.3.tgz",
      "integrity": "sha512-3rbU4vqXXc3hY/OiXdl52xZvT0F1yEngWfvqudtPJg/KkyiaQw2DRsFrNzpmLvfavbwOq3qXn36GP8obHRULQA==",
      "cpu": [
        "arm"
      ],
      "dev": true,
      "libc": [
        "glibc"
      ],
      "license": "LGPL-3.0-or-later",
      "optional": true,
      "os": [
        "linux"
      ],
      "funding": {
        "url": "https://opencollective.com/libvips"
      }
    },
    "node_modules/@img/sharp-libvips-linux-arm64": {
      "version": "1.3.3",
      "resolved": "https://registry.npmjs.org/@img/sharp-libvips-linux-arm64/-/sharp-libvips-linux-arm64-1.3.3.tgz",
      "integrity": "sha512-0DaL0A6Xu6sQSQFwe4iVCrKWU2cCTItnRsYsCdxAMm9NF6twAA9BKnoqy4hqz4+azQ0JHuA26qiUKsf1XJ/v5A==",
      "cpu": [
        "arm64"
      ],
      "dev": true,
      "libc": [
        "glibc"
      ],
      "license": "LGPL-3.0-or-later",
      "optional": true,
      "os": [
        "linux"
      ],
      "funding": {
        "url": "https://opencollective.com/libvips"
      }
    },
    "node_modules/@img/sharp-libvips-linux-ppc64": {
      "version": "1.3.3",
      "resolved": "https://registry.npmjs.org/@img/sharp-libvips-linux-ppc64/-/sharp-libvips-linux-ppc64-1.3.3.tgz",
      "integrity": "sha512-cdn1OvUBwsXhbC0zSzJnNzf5MZ/mTrobawDvNXBTxe8VtqKAm0sRuEY2Evzovb/w9JMk4TvRxqt1mekSuJz64w==",
      "cpu": [
        "ppc64"
      ],
      "dev": true,
      "libc": [
        "glibc"
      ],
      "license": "LGPL-3.0-or-later",
      "optional": true,
      "os": [
        "linux"
      ],
      "funding": {
        "url": "https://opencollective.com/libvips"
      }
    },
    "node_modules/@img/sharp-libvips-linux-riscv64": {
      "version": "1.3.3",
      "resolved": "https://registry.npmjs.org/@img/sharp-libvips-linux-riscv64/-/sharp-libvips-linux-riscv64-1.3.3.tgz",
      "integrity": "sha512-HjPVx7yKz+0lqdhDlTw1tt90wamBoxhiXpvl1XZpJLiHH4RCJ5yDTqH+VlYPv2fwFs89JFw4c1IexYOcQUi4IQ==",
      "cpu": [
        "riscv64"
      ],
      "dev": true,
      "libc": [
        "glibc"
      ],
      "license": "LGPL-3.0-or-later",
      "optional": true,
      "os": [
        "linux"
      ],
      "funding": {
        "url": "https://opencollective.com/libvips"
      }
    },
    "node_modules/@img/sharp-libvips-linux-s390x": {
      "version": "1.3.3",
      "resolved": "https://registry.npmjs.org/@img/sharp-libvips-linux-s390x/-/sharp-libvips-linux-s390x-1.3.3.tgz",
      "integrity": "sha512-neWLh+3yCNThxnfy3c4BbVBeGgt9aftno+XbT56iK28RgeDs3UOFWviLWlUu0bArYVYJaFDK+RRohbicUNCm8Q==",
      "cpu": [
        "s390x"
      ],
      "dev": true,
      "libc": [
        "glibc"
      ],
      "license": "LGPL-3.0-or-later",
      "optional": true,
      "os": [
        "linux"
      ],
      "funding": {
        "url": "https://opencollective.com/libvips"
      }
    },
    "node_modules/@img/sharp-libvips-linux-x64": {
      "version": "1.3.3",
      "resolved": "https://registry.npmjs.org/@img/sharp-libvips-linux-x64/-/sharp-libvips-linux-x64-1.3.3.tgz",
      "integrity": "sha512-4vKmvAst9nrowcqquKFAyZJUDolUaIp8uRiN0mWFguJ1IplC9/pitXtlnnlU4aa/eJw3J7i67V+pwUL+wZGdsA==",
      "cpu": [
        "x64"
      ],
      "dev": true,
      "libc": [
        "glibc"
      ],
      "license": "LGPL-3.0-or-later",
      "optional": true,
      "os": [
        "linux"
      ],
      "funding": {
        "url": "https://opencollective.com/libvips"
      }
    },
    "node_modules/@img/sharp-libvips-linuxmusl-arm64": {
      "version": "1.3.3",
      "resolved": "https://registry.npmjs.org/@img/sharp-libvips-linuxmusl-arm64/-/sharp-libvips-linuxmusl-arm64-1.3.3.tgz",
      "integrity": "sha512-Y9kQaLMuNoB0bPYOOdcZMaseNrFpPodIWWMrx+CZyydf2xn68j9WYc6sWWRrDwNkzCQjKYfc68L7jKjGlHMibw==",
      "cpu": [
        "arm64"
      ],
      "dev": true,
      "libc": [
        "musl"
      ],
      "license": "LGPL-3.0-or-later",
      "optional": true,
      "os": [
        "linux"
      ],
      "funding": {
        "url": "https://opencollective.com/libvips"
      }
    },
    "node_modules/@img/sharp-libvips-linuxmusl-x64": {
      "version": "1.3.3",
      "resolved": "https://registry.npmjs.org/@img/sharp-libvips-linuxmusl-x64/-/sharp-libvips-linuxmusl-x64-1.3.3.tgz",
      "integrity": "sha512-fj8Mv0HHfD1Rr+4I68+3agJynxDWtBFgicTbSOb9Bke6pIwzGcJ+RX/yHjmiEGFMCavY/dxvem7MyNaJF+wDiw==",
      "cpu": [
        "x64"
      ],
      "dev": true,
      "libc": [
        "musl"
      ],
      "license": "LGPL-3.0-or-later",
      "optional": true,
      "os": [
        "linux"
      ],
      "funding": {
        "url": "https://opencollective.com/libvips"
      }
    },
    "node_modules/@img/sharp-linux-arm": {
      "version": "0.35.4",
      "resolved": "https://registry.npmjs.org/@img/sharp-linux-arm/-/sharp-linux-arm-0.35.4.tgz",
      "integrity": "sha512-7OAS8gI0EReKGVN2HssHlM6umJgxF5VI3xN0p9FA91p/YO+ou5hiNghLdZ5BEHztwaaK5+bLKRf8x/o2L2nk9A==",
      "cpu": [
        "arm"
      ],
      "dev": true,
      "libc": [
        "glibc"
      ],
      "license": "Apache-2.0",
      "optional": true,
      "os": [
        "linux"
      ],
      "engines": {
        "node": ">=20.9.0"
      },
      "funding": {
        "url": "https://opencollective.com/libvips"
      },
      "optionalDependencies": {
        "@img/sharp-libvips-linux-arm": "1.3.3"
      }
    },
    "node_modules/@img/sharp-linux-arm64": {
      "version": "0.35.4",
      "resolved": "https://registry.npmjs.org/@img/sharp-linux-arm64/-/sharp-linux-arm64-0.35.4.tgz",
      "integrity": "sha512-De4jpEnAU8Hd5oT0j1G3uL4ZvTuipVMn7YC6vPaJhy6/7EwEae0SVAoBrUMYQbkLGDm85taVWwuPc1a44LTzCQ==",
      "cpu": [
        "arm64"
      ],
      "dev": true,
      "libc": [
        "glibc"
      ],
      "license": "Apache-2.0",
      "optional": true,
      "os": [
        "linux"
      ],
      "engines": {
        "node": ">=20.9.0"
      },
      "funding": {
        "url": "https://opencollective.com/libvips"
      },
      "optionalDependencies": {
        "@img/sharp-libvips-linux-arm64": "1.3.3"
      }
    },
    "node_modules/@img/sharp-linux-ppc64": {
      "version": "0.35.4",
      "resolved": "https://registry.npmjs.org/@img/sharp-linux-ppc64/-/sharp-linux-ppc64-0.35.4.tgz",
      "integrity": "sha512-2oYZJeIl4kCcMGk4ouZVjnkCtFrpQFlNEtJ6GbxzhHQchwH0NH/qEb9ykmOl29dqwMq+JhFdZn+1ak2FKhI9fQ==",
      "cpu": [
        "ppc64"
      ],
      "dev": true,
      "libc": [
        "glibc"
      ],
      "license": "Apache-2.0",
      "optional": true,
      "os": [
        "linux"
      ],
      "engines": {
        "node": ">=20.9.0"
      },
      "funding": {
        "url": "https://opencollective.com/libvips"
      },
      "optionalDependencies": {
        "@img/sharp-libvips-linux-ppc64": "1.3.3"
      }
    },
    "node_modules/@img/sharp-linux-riscv64": {
      "version": "0.35.4",
      "resolved": "https://registry.npmjs.org/@img/sharp-linux-riscv64/-/sharp-linux-riscv64-0.35.4.tgz",
      "integrity": "sha512-cPbNChoRURAWdebDIHSenxRpgEdy7JkPydSnUxRm9VvKD7m0/xVaR/8Fzlu81pk5nHEvHH87UZUA7cTtwnbJSA==",
      "cpu": [
        "riscv64"
      ],
      "dev": true,
      "libc": [
        "glibc"
      ],
      "license": "Apache-2.0",
      "optional": true,
      "os": [
        "linux"
      ],
      "engines": {
        "node": ">=20.9.0"
      },
      "funding": {
        "url": "https://opencollective.com/libvips"
      },
      "optionalDependencies": {
        "@img/sharp-libvips-linux-riscv64": "1.3.3"
      }
    },
    "node_modules/@img/sharp-linux-s390x": {
      "version": "0.35.4",
      "resolved": "https://registry.npmjs.org/@img/sharp-linux-s390x/-/sharp-linux-s390x-0.35.4.tgz",
      "integrity": "sha512-RY0JFY8Fd6RonCBtHz+DvadaPkXDSI1AUn6yWL9TipqkZ1vY8w8evqdgyDFnkm4/K1ve1TvZiaePP5oSd4+WVQ==",
      "cpu": [
        "s390x"
      ],
      "dev": true,
      "libc": [
        "glibc"
      ],
      "license": "Apache-2.0",
      "optional": true,
      "os": [
        "linux"
      ],
      "engines": {
        "node": ">=20.9.0"
      },
      "funding": {
        "url": "https://opencollective.com/libvips"
      },
      "optionalDependencies": {
        "@img/sharp-libvips-linux-s390x": "1.3.3"
      }
    },
    "node_modules/@img/sharp-linux-x64": {
      "version": "0.35.4",
      "resolved": "https://registry.npmjs.org/@img/sharp-linux-x64/-/sharp-linux-x64-0.35.4.tgz",
      "integrity": "sha512-9qvvEAuk8k89TfWUoX2htWjbAMX8p+NxCppjpcg5k6xMsjhBQPTsoIh36h9Qde4WRuGpJeYnOjdosDn/cnv+OA==",
      "cpu": [
        "x64"
      ],
      "dev": true,
      "libc": [
        "glibc"
      ],
      "license": "Apache-2.0",
      "optional": true,
      "os": [
        "linux"
      ],
      "engines": {
        "node": ">=20.9.0"
      },
      "funding": {
        "url": "https://opencollective.com/libvips"
      },
      "optionalDependencies": {
        "@img/sharp-libvips-linux-x64": "1.3.3"
      }
    },
    "node_modules/@img/sharp-linuxmusl-arm64": {
      "version": "0.35.4",
      "resolved": "https://registry.npmjs.org/@img/sharp-linuxmusl-arm64/-/sharp-linuxmusl-arm64-0.35.4.tgz",
      "integrity": "sha512-KB5jxpfWQTr0nc3xdHtWChdbifHrBGsd2SM62Eyxrl8afikm+f5qGBU75SJIZBT/S1MC8XyacdlXBMSWq6OURA==",
      "cpu": [
        "arm64"
      ],
      "dev": true,
      "libc": [
        "musl"
      ],
      "license": "Apache-2.0",
      "optional": true,
      "os": [
        "linux"
      ],
      "engines": {
        "node": ">=20.9.0"
      },
      "funding": {
        "url": "https://opencollective.com/libvips"
      },
      "optionalDependencies": {
        "@img/sharp-libvips-linuxmusl-arm64": "1.3.3"
      }
    },
    "node_modules/@img/sharp-linuxmusl-x64": {
      "version": "0.35.4",
      "resolved": "https://registry.npmjs.org/@img/sharp-linuxmusl-x64/-/sharp-linuxmusl-x64-0.35.4.tgz",
      "integrity": "sha512-f+eZJZIQNEEd26RPSW+76chwOf1XtA2Y/O+5ocVyLliHkeih3e+jhLVBdNTd2rS3IbNXK8+ug93Vf5ZXtF5Lxg==",
      "cpu": [
        "x64"
      ],
      "dev": true,
      "libc": [
        "musl"
      ],
      "license": "Apache-2.0",
      "optional": true,
      "os": [
        "linux"
      ],
      "engines": {
        "node": ">=20.9.0"
      },
      "funding": {
        "url": "https://opencollective.com/libvips"
      },
      "optionalDependencies": {
        "@img/sharp-libvips-linuxmusl-x64": "1.3.3"
      }
    },
    "node_modules/@img/sharp-wasm32": {
      "version": "0.35.4",
      "resolved": "https://registry.npmjs.org/@img/sharp-wasm32/-/sharp-wasm32-0.35.4.tgz",
      "integrity": "sha512-zQnl4Kwp7Q6NHsENtU2T/00Zi+w3AQNwz3+UaTyVBy2FpXrzXzGjndpK61onhZjRtRpQXxCTeqw19bVyXOh7jA==",
      "dev": true,
      "license": "Apache-2.0 AND LGPL-3.0-or-later AND MIT",
      "optional": true,
      "dependencies": {
        "@emnapi/runtime": "^1.11.3"
      },
      "engines": {
        "node": ">=20.9.0"
      },
      "funding": {
        "url": "https://opencollective.com/libvips"
      }
    },
    "node_modules/@img/sharp-webcontainers-wasm32": {
      "version": "0.35.4",
      "resolved": "https://registry.npmjs.org/@img/sharp-webcontainers-wasm32/-/sharp-webcontainers-wasm32-0.35.4.tgz",
      "integrity": "sha512-ESfNkywmCfPNyaZjxooddJQiQ+l/nTpGEOGthxiLnIHXC/CmcBixnfwUleX9mCz9ovrUUvKMap/pm8RYbzfwaA==",
      "cpu": [
        "wasm32"
      ],
      "dev": true,
      "license": "Apache-2.0",
      "optional": true,
      "dependencies": {
        "@img/sharp-wasm32": "0.35.4"
      },
      "engines": {
        "node": ">=20.9.0"
      },
      "funding": {
        "url": "https://opencollective.com/libvips"
      }
    },
    "node_modules/@img/sharp-win32-arm64": {
      "version": "0.35.4",
      "resolved": "https://registry.npmjs.org/@img/sharp-win32-arm64/-/sharp-win32-arm64-0.35.4.tgz",
      "integrity": "sha512-iNdlBX9gLVvqe2I3uIJSIKTq6wckP/DYxZtcqxm09x5Gi24DnFBmPAWZmr60ZyYMG0xlzo6goG3670ar+RXvRw==",
      "cpu": [
        "arm64"
      ],
      "dev": true,
      "license": "Apache-2.0 AND LGPL-3.0-or-later",
      "optional": true,
      "os": [
        "win32"
      ],
      "engines": {
        "node": ">=20.9.0"
      },
      "funding": {
        "url": "https://opencollective.com/libvips"
      }
    },
    "node_modules/@img/sharp-win32-ia32": {
      "version": "0.35.4",
      "resolved": "https://registry.npmjs.org/@img/sharp-win32-ia32/-/sharp-win32-ia32-0.35.4.tgz",
      "integrity": "sha512-kqRsbaa5CS6KHlpxnN7WhE6vAAugXyZButpRdvDWetlv6Qv4N9WTcrWzF7tXfB9T7MsoadqdI8hmwLq6UlLvtw==",
      "cpu": [
        "ia32"
      ],
      "dev": true,
      "license": "Apache-2.0 AND LGPL-3.0-or-later",
      "optional": true,
      "os": [
        "win32"
      ],
      "engines": {
        "node": "^20.9.0"
      },
      "funding": {
        "url": "https://opencollective.com/libvips"
      }
    },
    "node_modules/@img/sharp-win32-x64": {
      "version": "0.35.4",
      "resolved": "https://registry.npmjs.org/@img/sharp-win32-x64/-/sharp-win32-x64-0.35.4.tgz",
      "integrity": "sha512-XtmnYhBcrORsJ4XJngyzr/EWP0hRZLAZRFaApdKuviyqF78+ylxh2y06ZmtULAMOnObJ3ucpN0AcwSWnMowTRg==",
      "cpu": [
        "x64"
      ],
      "dev": true,
      "license": "Apache-2.0 AND LGPL-3.0-or-later",
      "optional": true,
      "os": [
        "win32"
      ],
      "engines": {
        "node": ">=20.9.0"
      },
      "funding": {
        "url": "https://opencollective.com/libvips"
      }
    },
    "node_modules/@smithy/core": {
      "version": "3.34.1",
      "resolved": "https://registry.npmjs.org/@smithy/core/-/core-3.34.1.tgz",
      "integrity": "sha512-dLcOUxz8YCv1RZUMKq6GbyUf95pLbrqh34bPvpCZ1+CByFF31BEAFewZjsGCnVsZTKdThNENfGyAgk2TJqVwSw==",
      "dev": true,
      "license": "Apache-2.0",
      "dependencies": {
        "@smithy/types": "^4.18.0",
        "tslib": "^2.6.2"
      },
      "engines": {
        "node": ">=18.0.0"
      }
    },
    "node_modules/@smithy/credential-provider-imds": {
      "version": "4.5.2",
      "resolved": "https://registry.npmjs.org/@smithy/credential-provider-imds/-/credential-provider-imds-4.5.2.tgz",
      "integrity": "sha512-A9uSdn72ozbRUSit0eib0TW7nXuNPlaeM0zcGkJ+nE6tFcSDbnmtwoxbTCFBukVQcszDAyvsd7+rTduPTXpygg==",
      "dev": true,
      "license": "Apache-2.0",
      "dependencies": {
        "@smithy/core": "^3.33.2",
        "@smithy/types": "^4.17.2",
        "tslib": "^2.6.2"
      },
      "engines": {
        "node": ">=18.0.0"
      }
    },
    "node_modules/@smithy/fetch-http-handler": {
      "version": "5.8.0",
      "resolved": "https://registry.npmjs.org/@smithy/fetch-http-handler/-/fetch-http-handler-5.8.0.tgz",
      "integrity": "sha512-ycSJu3tFAQ4v04CBB0agqFMVsSQ1iG3yw+SpgxRqKfaURpQD4CZ8Wn0zPMmSnOuTpTh65Vz+EA0rMrw089wvkA==",
      "dev": true,
      "license": "Apache-2.0",
      "dependencies": {
        "@smithy/core": "^3.33.3",
        "@smithy/types": "^4.18.0",
        "tslib": "^2.6.2"
      },
      "engines": {
        "node": ">=18.0.0"
      }
    },
    "node_modules/@smithy/node-http-handler": {
      "version": "4.12.1",
      "resolved": "https://registry.npmjs.org/@smithy/node-http-handler/-/node-http-handler-4.12.1.tgz",
      "integrity": "sha512-ThMkboGeONWXAelq9FvGsuJC4rOi+qyC4/zhUF58xYpxUg5sQKx2VXZYJmtNjr4dSuBJ1HeJXETQILCz3wOHvw==",
      "dev": true,
      "license": "Apache-2.0",
      "dependencies": {
        "@smithy/core": "^3.33.3",
        "@smithy/types": "^4.18.0",
        "tslib": "^2.6.2"
      },
      "engines": {
        "node": ">=18.0.0"
      }
    },
    "node_modules/@smithy/signature-v4": {
      "version": "5.7.3",
      "resolved": "https://registry.npmjs.org/@smithy/signature-v4/-/signature-v4-5.7.3.tgz",
      "integrity": "sha512-7ImGm+FkHRLcBaRttIAMZ6bzJZWb2cJGoYjq46F2UjycujWzrL9GEN9h4w7eQyXJYnltrUhxbbieBAIRrdqpow==",
      "dev": true,
      "license": "Apache-2.0",
      "dependencies": {
        "@smithy/core": "^3.33.3",
        "@smithy/types": "^4.17.2",
        "tslib": "^2.6.2"
      },
      "engines": {
        "node": ">=18.0.0"
      }
    },
    "node_modules/@smithy/types": {
      "version": "4.18.0",
      "resolved": "https://registry.npmjs.org/@smithy/types/-/types-4.18.0.tgz",
      "integrity": "sha512-CgB6HHWer/vrKps24ulRIbpcpb7K4xAU7SkZ7YHzBPlwHsvsrCJFEXK421s+cJzX+ZrqtA/TuU5w1HzI7k9N8A==",
      "dev": true,
      "license": "Apache-2.0",
      "dependencies": {
        "tslib": "^2.6.2"
      },
      "engines": {
        "node": ">=18.0.0"
      }
    },
    "node_modules/bowser": {
      "version": "2.14.1",
      "resolved": "https://registry.npmjs.org/bowser/-/bowser-2.14.1.tgz",
      "integrity": "sha512-tzPjzCxygAKWFOJP011oxFHs57HzIhOEracIgAePE4pqB3LikALKnSzUyU4MGs9/iCEUuHlAJTjTc5M+u7YEGg==",
      "dev": true,
      "license": "MIT"
    },
    "node_modules/css-declaration-sorter": {
      "version": "7.4.0",
      "resolved": "https://registry.npmjs.org/css-declaration-sorter/-/css-declaration-sorter-7.4.0.tgz",
      "integrity": "sha512-LTuzjPoyA2vMGKKcaOqKSp7Ub2eGrNfKiZH4LpezxpNrsICGCSFvsQOI29psISxNZtaXibkC2CXzrQ5enMeGGw==",
      "dev": true,
      "license": "ISC",
      "engines": {
        "node": "^14 || ^16 || >=18"
      },
      "peerDependencies": {
        "postcss": "^8.0.9"
      }
    },
    "node_modules/detect-libc": {
      "version": "2.1.2",
      "resolved": "https://registry.npmjs.org/detect-libc/-/detect-libc-2.1.2.tgz",
      "integrity": "sha512-Btj2BOOO83o3WyH59e8MgXsxEQVcarkUOpEYrubB0urwnN10yQ364rsiByU11nZlqWYZm05i/of7io4mzihBtQ==",
      "dev": true,
      "license": "Apache-2.0",
      "engines": {
        "node": ">=8"
      }
    },
    "node_modules/exifr": {
      "version": "7.1.3",
      "resolved": "https://registry.npmjs.org/exifr/-/exifr-7.1.3.tgz",
      "integrity": "sha512-g/aje2noHivrRSLbAUtBPWFbxKdKhgj/xr1vATDdUXPOFYJlQ62Ft0oy+72V6XLIpDJfHs6gXLbBLAolqOXYRw==",
      "dev": true,
      "license": "MIT"
    },
    "node_modules/nanoid": {
      "version": "3.3.19",
      "resolved": "https://registry.npmjs.org/nanoid/-/nanoid-3.3.19.tgz",
      "integrity": "sha512-Y2tUNy4ouw6tq5oDSKeQYGOyhkUBhNOcGV/02KC+6kd9eDGqdZd++mjMiIDilrBYvjEnCYvVtsuHCuP+okSfug==",
      "dev": true,
      "funding": [
        {
          "type": "github",
          "url": "https://github.com/sponsors/ai"
        }
      ],
      "license": "MIT",
      "peer": true,
      "bin": {
        "nanoid": "bin/nanoid.cjs"
      },
      "engines": {
        "node": "^10 || ^12 || ^13.7 || ^14 || >=15.0.1"
      }
    },
    "node_modules/p-limit": {
      "version": "7.3.2",
      "resolved": "https://registry.npmjs.org/p-limit/-/p-limit-7.3.2.tgz",
      "integrity": "sha512-Ll0w3fU24vYpXoZmjjZIee6bJQDgG0oAyo1PdmFYI8UDwJJddaHAypxIH9avUu+t+lSsAwKVsb1jDCMIIChliw==",
      "dev": true,
      "license": "MIT",
      "dependencies": {
        "yocto-queue": "^1.2.1"
      },
      "engines": {
        "node": ">=20"
      },
      "funding": {
        "url": "https://github.com/sponsors/sindresorhus"
      }
    },
    "node_modules/picocolors": {
      "version": "1.1.1",
      "resolved": "https://registry.npmjs.org/picocolors/-/picocolors-1.1.1.tgz",
      "integrity": "sha512-xceH2snhtb5M9liqDsmEw56le376mTZkEX/jEb/RxNFyegNul7eNslCXP9FDj/Lcu0X8KEyMceP2ntpaHrDEVA==",
      "dev": true,
      "license": "ISC",
      "peer": true
    },
    "node_modules/postcss": {
      "version": "8.5.28",
      "resolved": "https://registry.npmjs.org/postcss/-/postcss-8.5.28.tgz",
      "integrity": "sha512-RRuzqDtt5Y9h3quz5hWhK+TPnsmVs6WwSU6LkJMeY4HstUEDuYTG8UJSdawMRzmzAtV+KEoG8N3Qg2qLy5vM/A==",
      "dev": true,
      "funding": [
        {
          "type": "opencollective",
          "url": "https://opencollective.com/postcss/"
        },
        {
          "type": "tidelift",
          "url": "https://tidelift.com/funding/github/npm/postcss"
        },
        {
          "type": "github",
          "url": "https://github.com/sponsors/ai"
        }
      ],
      "license": "MIT",
      "peer": true,
      "dependencies": {
        "nanoid": "^3.3.18",
        "picocolors": "^1.1.1",
        "source-map-js": "^1.2.1"
      },
      "engines": {
        "node": "^10 || ^12 || >=14"
      }
    },
    "node_modules/postcss-less": {
      "version": "6.0.0",
      "resolved": "https://registry.npmjs.org/postcss-less/-/postcss-less-6.0.0.tgz",
      "integrity": "sha512-FPX16mQLyEjLzEuuJtxA8X3ejDLNGGEG503d2YGZR5Ask1SpDN8KmZUMpzCvyalWRywAn1n1VOA5dcqfCLo5rg==",
      "dev": true,
      "license": "MIT",
      "engines": {
        "node": ">=12"
      },
      "peerDependencies": {
        "postcss": "^8.3.5"
      }
    },
    "node_modules/postcss-scss": {
      "version": "4.0.9",
      "resolved": "https://registry.npmjs.org/postcss-scss/-/postcss-scss-4.0.9.tgz",
      "integrity": "sha512-AjKOeiwAitL/MXxQW2DliT28EKukvvbEWx3LBmJIRN8KfBGZbRTxNYW0kSqi1COiTZ57nZ9NW06S6ux//N1c9A==",
      "dev": true,
      "funding": [
        {
          "type": "opencollective",
          "url": "https://opencollective.com/postcss/"
        },
        {
          "type": "tidelift",
          "url": "https://tidelift.com/funding/github/npm/postcss-scss"
        },
        {
          "type": "github",
          "url": "https://github.com/sponsors/ai"
        }
      ],
      "license": "MIT",
      "engines": {
        "node": ">=12.0"
      },
      "peerDependencies": {
        "postcss": "^8.4.29"
      }
    },
    "node_modules/prettier": {
      "version": "3.9.6",
      "resolved": "https://registry.npmjs.org/prettier/-/prettier-3.9.6.tgz",
      "integrity": "sha512-OpN0zzVdiaiAhxpuuj5efpIS4sY9j7bY6uR5mnj5yPzGkdkjNKSJeUThPb60Jw29QuAZgA4o+/iB49kFiaBX6g==",
      "dev": true,
      "license": "MIT",
      "bin": {
        "prettier": "bin/prettier.cjs"
      },
      "engines": {
        "node": ">=14"
      },
      "funding": {
        "url": "https://github.com/prettier/prettier?sponsor=1"
      }
    },
    "node_modules/prettier-plugin-css-order": {
      "version": "2.2.0",
      "resolved": "https://registry.npmjs.org/prettier-plugin-css-order/-/prettier-plugin-css-order-2.2.0.tgz",
      "integrity": "sha512-GCkwEgQ2roT7le+zpUFQThPDO4x5EXcZmY9Rj6rvO++I/nATTGBWdZdsooha/BlvIBbZclJzXsgJdlKWrys9+w==",
      "dev": true,
      "license": "ISC",
      "dependencies": {
        "css-declaration-sorter": "^7.3.0",
        "postcss-less": "^6.0.0",
        "postcss-scss": "^4.0.9"
      },
      "engines": {
        "node": ">=16"
      },
      "peerDependencies": {
        "prettier": "3.x"
      }
    },
    "node_modules/prettier-plugin-go-template": {
      "version": "0.0.15",
      "resolved": "https://registry.npmjs.org/prettier-plugin-go-template/-/prettier-plugin-go-template-0.0.15.tgz",
      "integrity": "sha512-WqU92E1NokWYNZ9mLE6ijoRg6LtIGdLMePt2C7UBDjXeDH9okcRI3zRqtnWR4s5AloiqyvZ66jNBAa9tmRY5EQ==",
      "dev": true,
      "license": "MIT",
      "dependencies": {
        "ulid": "^2.3.0"
      },
      "engines": {
        "node": ">=14.0.0"
      },
      "peerDependencies": {
        "prettier": "^3.0.0"
      }
    },
    "node_modules/prettier-plugin-organize-attributes": {
      "version": "1.0.0",
      "resolved": "https://registry.npmjs.org/prettier-plugin-organize-attributes/-/prettier-plugin-organize-attributes-1.0.0.tgz",
      "integrity": "sha512-+NmameaLxbCcylEXsKPmawtzla5EE6ECqvGkpfQz4KM847fXDifB1gFnPQEpoADAq6IXg+cMI8Z0ISJEXa6fhg==",
      "dev": true,
      "license": "MIT",
      "engines": {
        "node": ">=14.0.0"
      },
      "peerDependencies": {
        "prettier": "^3.0.0"
      }
    },
    "node_modules/semver": {
      "version": "7.8.5",
      "resolved": "https://registry.npmjs.org/semver/-/semver-7.8.5.tgz",
      "integrity": "sha512-Y7/KDsb8LjooZpwaqGyulO6DQlksgCncchHGk+sZIY4SBvUocMBEFH5Ur1fI4dV+Jvl0w6cjvucaIi40puRioA==",
      "dev": true,
      "license": "ISC",
      "bin": {
        "semver": "bin/semver.js"
      },
      "engines": {
        "node": ">=10"
      }
    },
    "node_modules/sharp": {
      "version": "0.35.4",
      "resolved": "https://registry.npmjs.org/sharp/-/sharp-0.35.4.tgz",
      "integrity": "sha512-n++8XWcj+jCOr2IOl7h8LbKnGBDY4aPbmprMONBNFdn0ImXqpGVv5zliDs0V9HbmbCQLpbuo2ej9rAoOQTvMDA==",
      "dev": true,
      "license": "Apache-2.0",
      "dependencies": {
        "@img/colour": "^1.1.0",
        "detect-libc": "^2.1.2",
        "semver": "^7.8.5"
      },
      "engines": {
        "node": ">=20.9.0"
      },
      "funding": {
        "url": "https://opencollective.com/libvips"
      },
      "optionalDependencies": {
        "@img/sharp-darwin-arm64": "0.35.4",
        "@img/sharp-darwin-x64": "0.35.4",
        "@img/sharp-freebsd-wasm32": "0.35.4",
        "@img/sharp-libvips-darwin-arm64": "1.3.3",
        "@img/sharp-libvips-darwin-x64": "1.3.3",
        "@img/sharp-libvips-linux-arm": "1.3.3",
        "@img/sharp-libvips-linux-arm64": "1.3.3",
        "@img/sharp-libvips-linux-ppc64": "1.3.3",
        "@img/sharp-libvips-linux-riscv64": "1.3.3",
        "@img/sharp-libvips-linux-s390x": "1.3.3",
        "@img/sharp-libvips-linux-x64": "1.3.3",
        "@img/sharp-libvips-linuxmusl-arm64": "1.3.3",
        "@img/sharp-libvips-linuxmusl-x64": "1.3.3",
        "@img/sharp-linux-arm": "0.35.4",
        "@img/sharp-linux-arm64": "0.35.4",
        "@img/sharp-linux-ppc64": "0.35.4",
        "@img/sharp-linux-riscv64": "0.35.4",
        "@img/sharp-linux-s390x": "0.35.4",
        "@img/sharp-linux-x64": "0.35.4",
        "@img/sharp-linuxmusl-arm64": "0.35.4",
        "@img/sharp-linuxmusl-x64": "0.35.4",
        "@img/sharp-webcontainers-wasm32": "0.35.4",
        "@img/sharp-win32-arm64": "0.35.4",
        "@img/sharp-win32-ia32": "0.35.4",
        "@img/sharp-win32-x64": "0.35.4"
      },
      "peerDependenciesMeta": {
        "@types/node": {
          "optional": true
        }
      }
    },
    "node_modules/source-map-js": {
      "version": "1.2.1",
      "resolved": "https://registry.npmjs.org/source-map-js/-/source-map-js-1.2.1.tgz",
      "integrity": "sha512-UXWMKhLOwVKb728IUtQPXxfYU+usdybtUrK/8uGE8CQMvrhOpwvzDBwj0QhSL7MQc7vIsISBG8VQ8+IDQxpfQA==",
      "dev": true,
      "license": "BSD-3-Clause",
      "peer": true,
      "engines": {
        "node": ">=0.10.0"
      }
    },
    "node_modules/tslib": {
      "version": "2.8.1",
      "resolved": "https://registry.npmjs.org/tslib/-/tslib-2.8.1.tgz",
      "integrity": "sha512-oJFu94HQb+KVduSUQL7wnpmqnfmLsOA/nAh6b6EH0wCEoK0/mPeXU6c3wKDV83MkOuHPRHtSXKKU99IBazS/2w==",
      "dev": true,
      "license": "0BSD"
    },
    "node_modules/ulid": {
      "version": "2.4.0",
      "resolved": "https://registry.npmjs.org/ulid/-/ulid-2.4.0.tgz",
      "integrity": "sha512-fIRiVTJNcSRmXKPZtGzFQv9WRrZ3M9eoptl/teFJvjOzmpU+/K/JH6HZ8deBfb5vMEpicJcLn7JmvdknlMq7Zg==",
      "dev": true,
      "license": "MIT",
      "bin": {
        "ulid": "bin/cli.js"
      }
    },
    "node_modules/yocto-queue": {
      "version": "1.2.2",
      "resolved": "https://registry.npmjs.org/yocto-queue/-/yocto-queue-1.2.2.tgz",
      "integrity": "sha512-4LCcse/U2MHZ63HAJVE+v71o7yOdIe4cZ70Wpf8D/IyjDKYQLV5GD46B+hSTjJsvV5PztjvHoU580EftxjDZFQ==",
      "dev": true,
      "license": "MIT",
      "engines": {
        "node": ">=12.20"
      },
      "funding": {
        "url": "https://github.com/sponsors/sindresorhus"
      }
    }
  }
}
